Microsoft Visual Studio Solution File, Format Version 12.00
# Visual Studio 2015
Project("{8BC9CEB8-8B4A-11D0-8D11-00A0C91BC942}") = "log", "log\log.vcxproj", "{65C9E159-F036-69E7-54FD-F4DBFEFBC416}"
EndProject
Project("{8BC9CEB8-8B4A-11D0-8D11-00A0C91BC942}") = "base64", "base64\base64.vcxproj", "{F181479C-0291-698A-3D15-DEBE802264E9}"
EndProject
Project("{8BC9CEB8-8B4A-11D0-8D11-00A0C91BC942}") = "transcode", "transcode\transcode.vcxproj", "{F534668A-1739-9FD8-FA10-934CEDEA2367}"
EndProject
Project("{8BC9CEB8-8B4A-11D0-8D11-00A0C91BC942}") = "demo", "demo\demo.vcxproj", "{BB56B65C-1C9F-440A-1261-13BEB8C72A49}"
		ProjectSection(ProjectDependencies) = postProject
				{DBAC1405-B384-42B3-D5EF-88676446E572} = {DBAC1405-B384-42B3-D5EF-88676446E572}
		EndProjectSection
EndProject
Project("{8BC9CEB8-8B4A-11D0-8D11-00A0C91BC942}") = "base_openssl", "base_openssl\base_openssl.vcxproj", "{DBAC1405-B384-42B3-D5EF-88676446E572}"
EndProject
Global
		GlobalSection(SolutionConfigurationPlatforms) = preSolution
				debug|x86 = debug|x86
				debug|x64 = debug|x64
				release|x86 = release|x86
				release|x64 = release|x64
		EndGlobalSection
		GlobalSection(ProjectConfigurationPlatforms) = postSolution
				{65C9E159-F036-69E7-54FD-F4DBFEFBC416}.debug|x86.ActiveCfg = debug|x86
				{65C9E159-F036-69E7-54FD-F4DBFEFBC416}.debug|x86.Build.0 = debug|x86
				{65C9E159-F036-69E7-54FD-F4DBFEFBC416}.debug|x64.ActiveCfg = debug|x64
				{65C9E159-F036-69E7-54FD-F4DBFEFBC416}.debug|x64.Build.0 = debug|x64
				{65C9E159-F036-69E7-54FD-F4DBFEFBC416}.release|x86.ActiveCfg = release|x86
				{65C9E159-F036-69E7-54FD-F4DBFEFBC416}.release|x86.Build.0 = release|x86
				{65C9E159-F036-69E7-54FD-F4DBFEFBC416}.release|x64.ActiveCfg = release|x64
				{65C9E159-F036-69E7-54FD-F4DBFEFBC416}.release|x64.Build.0 = release|x64
				{F181479C-0291-698A-3D15-DEBE802264E9}.debug|x86.ActiveCfg = debug|x86
				{F181479C-0291-698A-3D15-DEBE802264E9}.debug|x86.Build.0 = debug|x86
				{F181479C-0291-698A-3D15-DEBE802264E9}.debug|x64.ActiveCfg = debug|x64
				{F181479C-0291-698A-3D15-DEBE802264E9}.debug|x64.Build.0 = debug|x64
				{F181479C-0291-698A-3D15-DEBE802264E9}.release|x86.ActiveCfg = release|x86
				{F181479C-0291-698A-3D15-DEBE802264E9}.release|x86.Build.0 = release|x86
				{F181479C-0291-698A-3D15-DEBE802264E9}.release|x64.ActiveCfg = release|x64
				{F181479C-0291-698A-3D15-DEBE802264E9}.release|x64.Build.0 = release|x64
				{F534668A-1739-9FD8-FA10-934CEDEA2367}.debug|x86.ActiveCfg = debug|x86
				{F534668A-1739-9FD8-FA10-934CEDEA2367}.debug|x86.Build.0 = debug|x86
				{F534668A-1739-9FD8-FA10-934CEDEA2367}.debug|x64.ActiveCfg = debug|x64
				{F534668A-1739-9FD8-FA10-934CEDEA2367}.debug|x64.Build.0 = debug|x64
				{F534668A-1739-9FD8-FA10-934CEDEA2367}.release|x86.ActiveCfg = release|x86
				{F534668A-1739-9FD8-FA10-934CEDEA2367}.release|x86.Build.0 = release|x86
				{F534668A-1739-9FD8-FA10-934CEDEA2367}.release|x64.ActiveCfg = release|x64
				{F534668A-1739-9FD8-FA10-934CEDEA2367}.release|x64.Build.0 = release|x64
				{BB56B65C-1C9F-440A-1261-13BEB8C72A49}.debug|x86.ActiveCfg = debug|x86
				{BB56B65C-1C9F-440A-1261-13BEB8C72A49}.debug|x86.Build.0 = debug|x86
				{BB56B65C-1C9F-440A-1261-13BEB8C72A49}.debug|x64.ActiveCfg = debug|x64
				{BB56B65C-1C9F-440A-1261-13BEB8C72A49}.debug|x64.Build.0 = debug|x64
				{BB56B65C-1C9F-440A-1261-13BEB8C72A49}.release|x86.ActiveCfg = release|x86
				{BB56B65C-1C9F-440A-1261-13BEB8C72A49}.release|x86.Build.0 = release|x86
				{BB56B65C-1C9F-440A-1261-13BEB8C72A49}.release|x64.ActiveCfg = release|x64
				{BB56B65C-1C9F-440A-1261-13BEB8C72A49}.release|x64.Build.0 = release|x64
				{DBAC1405-B384-42B3-D5EF-88676446E572}.debug|x86.ActiveCfg = debug|x86
				{DBAC1405-B384-42B3-D5EF-88676446E572}.debug|x86.Build.0 = debug|x86
				{DBAC1405-B384-42B3-D5EF-88676446E572}.debug|x64.ActiveCfg = debug|x64
				{DBAC1405-B384-42B3-D5EF-88676446E572}.debug|x64.Build.0 = debug|x64
				{DBAC1405-B384-42B3-D5EF-88676446E572}.release|x86.ActiveCfg = release|x86
				{DBAC1405-B384-42B3-D5EF-88676446E572}.release|x86.Build.0 = release|x86
				{DBAC1405-B384-42B3-D5EF-88676446E572}.release|x64.ActiveCfg = release|x64
				{DBAC1405-B384-42B3-D5EF-88676446E572}.release|x64.Build.0 = release|x64
		EndGlobalSection
		GlobalSection(SolutionProperties) = preSolution
				HideSolutionNode = FALSE
		EndGlobalSection
EndGlobal
