Microsoft Visual Studio Solution File, Format Version 12.00
# Visual Studio 2015
Project("{8BC9CEB8-8B4A-11D0-8D11-00A0C91BC942}") = "hello_demo", "hello_demo\hello_demo.vcxproj", "{B18C05CF-2B12-F83D-9E56-28714E5CD1DC}"
		ProjectSection(ProjectDependencies) = postProject
				{1AE2916B-CB8B-F239-C668-7AAD9999B388} = {1AE2916B-CB8B-F239-C668-7AAD9999B388}
		EndProjectSection
EndProject
Project("{8BC9CEB8-8B4A-11D0-8D11-00A0C91BC942}") = "hello", "hello\hello.vcxproj", "{1AE2916B-CB8B-F239-C668-7AAD9999B388}"
EndProject
Global
		GlobalSection(SolutionConfigurationPlatforms) = preSolution
				debug|x86 = debug|x86
				debug|x64 = debug|x64
				release|x86 = release|x86
				release|x64 = release|x64
		EndGlobalSection
		GlobalSection(ProjectConfigurationPlatforms) = postSolution
				{B18C05CF-2B12-F83D-9E56-28714E5CD1DC}.debug|x86.ActiveCfg = debug|x86
				{B18C05CF-2B12-F83D-9E56-28714E5CD1DC}.debug|x86.Build.0 = debug|x86
				{B18C05CF-2B12-F83D-9E56-28714E5CD1DC}.debug|x64.ActiveCfg = debug|x64
				{B18C05CF-2B12-F83D-9E56-28714E5CD1DC}.debug|x64.Build.0 = debug|x64
				{B18C05CF-2B12-F83D-9E56-28714E5CD1DC}.release|x86.ActiveCfg = release|x86
				{B18C05CF-2B12-F83D-9E56-28714E5CD1DC}.release|x86.Build.0 = release|x86
				{B18C05CF-2B12-F83D-9E56-28714E5CD1DC}.release|x64.ActiveCfg = release|x64
				{B18C05CF-2B12-F83D-9E56-28714E5CD1DC}.release|x64.Build.0 = release|x64
				{1AE2916B-CB8B-F239-C668-7AAD9999B388}.debug|x86.ActiveCfg = debug|x86
				{1AE2916B-CB8B-F239-C668-7AAD9999B388}.debug|x86.Build.0 = debug|x86
				{1AE2916B-CB8B-F239-C668-7AAD9999B388}.debug|x64.ActiveCfg = debug|x64
				{1AE2916B-CB8B-F239-C668-7AAD9999B388}.debug|x64.Build.0 = debug|x64
				{1AE2916B-CB8B-F239-C668-7AAD9999B388}.release|x86.ActiveCfg = release|x86
				{1AE2916B-CB8B-F239-C668-7AAD9999B388}.release|x86.Build.0 = release|x86
				{1AE2916B-CB8B-F239-C668-7AAD9999B388}.release|x64.ActiveCfg = release|x64
				{1AE2916B-CB8B-F239-C668-7AAD9999B388}.release|x64.Build.0 = release|x64
		EndGlobalSection
		GlobalSection(SolutionProperties) = preSolution
				HideSolutionNode = FALSE
		EndGlobalSection
EndGlobal
